// !$*UTF8*$!
{
	archiveVersion = 1;
	classes = {
	};
	objectVersion = 55;
	objects = {

/* Begin PBXBuildFile section */
		312E2091286935D000D8D822 /* PinNavbar.swift in Sources */ = {isa = PBXBuildFile; fileRef = 312E2090286935D000D8D822 /* PinNavbar.swift */; };
		312E209328693DE300D8D822 /* PinCardView.swift in Sources */ = {isa = PBXBuildFile; fileRef = 312E209228693DE300D8D822 /* PinCardView.swift */; };
		3152918628644E3E0078809B /* Mc2_ModifierApp.swift in Sources */ = {isa = PBXBuildFile; fileRef = 3152918528644E3E0078809B /* Mc2_ModifierApp.swift */; };
		3152918828644E3E0078809B /* ContentView.swift in Sources */ = {isa = PBXBuildFile; fileRef = 3152918728644E3E0078809B /* ContentView.swift */; };
		3152918A28644E3F0078809B /* Assets.xcassets in Resources */ = {isa = PBXBuildFile; fileRef = 3152918928644E3F0078809B /* Assets.xcassets */; };
		3152918D28644E3F0078809B /* Preview Assets.xcassets in Resources */ = {isa = PBXBuildFile; fileRef = 3152918C28644E3F0078809B /* Preview Assets.xcassets */; };
		3152918F28644E3F0078809B /* Persistence.swift in Sources */ = {isa = PBXBuildFile; fileRef = 3152918E28644E3F0078809B /* Persistence.swift */; };
		3152919228644E3F0078809B /* Mc2_Modifier.xcdatamodeld in Sources */ = {isa = PBXBuildFile; fileRef = 3152919028644E3F0078809B /* Mc2_Modifier.xcdatamodeld */; };
		315291A82864534B0078809B /* MainView.swift in Sources */ = {isa = PBXBuildFile; fileRef = 315291A72864534A0078809B /* MainView.swift */; };
		315291AA286453780078809B /* StateManager.swift in Sources */ = {isa = PBXBuildFile; fileRef = 315291A9286453780078809B /* StateManager.swift */; };
		315291AC286455730078809B /* FullScreenSheet.swift in Sources */ = {isa = PBXBuildFile; fileRef = 315291AB286455730078809B /* FullScreenSheet.swift */; };
		315291B2286538940078809B /* MapView.swift in Sources */ = {isa = PBXBuildFile; fileRef = 315291B1286538940078809B /* MapView.swift */; };
		315291B4286538B70078809B /* TotalTripview.swift in Sources */ = {isa = PBXBuildFile; fileRef = 315291B3286538B70078809B /* TotalTripview.swift */; };
		315291B6286538D00078809B /* CategoryListView.swift in Sources */ = {isa = PBXBuildFile; fileRef = 315291B5286538D00078809B /* CategoryListView.swift */; };
		315291B8286538E10078809B /* PinListView.swift in Sources */ = {isa = PBXBuildFile; fileRef = 315291B7286538E10078809B /* PinListView.swift */; };
		315291BA286538E80078809B /* PinDetailView.swift in Sources */ = {isa = PBXBuildFile; fileRef = 315291B9286538E80078809B /* PinDetailView.swift */; };
		315291BE28653B050078809B /* PinAddView.swift in Sources */ = {isa = PBXBuildFile; fileRef = 315291BD28653B050078809B /* PinAddView.swift */; };
		315291C028653B0F0078809B /* PinUpdateView.swift in Sources */ = {isa = PBXBuildFile; fileRef = 315291BF28653B0F0078809B /* PinUpdateView.swift */; };
		315291C228653FEC0078809B /* SheetView.swift in Sources */ = {isa = PBXBuildFile; fileRef = 315291C128653FEC0078809B /* SheetView.swift */; };
		315291C42865400A0078809B /* CategoryAddView.swift in Sources */ = {isa = PBXBuildFile; fileRef = 315291C32865400A0078809B /* CategoryAddView.swift */; };
		31DF4665286A946E00663919 /* TitleImageView.swift in Sources */ = {isa = PBXBuildFile; fileRef = 31DF4664286A946E00663919 /* TitleImageView.swift */; };
		31DF4667286A948300663919 /* RecordedMemoView.swift in Sources */ = {isa = PBXBuildFile; fileRef = 31DF4666286A948300663919 /* RecordedMemoView.swift */; };
		31DF4669286A948B00663919 /* ImageScrollView.swift in Sources */ = {isa = PBXBuildFile; fileRef = 31DF4668286A948B00663919 /* ImageScrollView.swift */; };
		31DF466B286A949200663919 /* ImageDetailView.swift in Sources */ = {isa = PBXBuildFile; fileRef = 31DF466A286A949200663919 /* ImageDetailView.swift */; };
		31DF466D286A949B00663919 /* SmallMapView.swift in Sources */ = {isa = PBXBuildFile; fileRef = 31DF466C286A949B00663919 /* SmallMapView.swift */; };
/* End PBXBuildFile section */

/* Begin PBXFileReference section */
		312E2090286935D000D8D822 /* PinNavbar.swift */ = {isa = PBXFileReference; lastKnownFileType = sourcecode.swift; path = PinNavbar.swift; sourceTree = "<group>"; };
		312E209228693DE300D8D822 /* PinCardView.swift */ = {isa = PBXFileReference; lastKnownFileType = sourcecode.swift; path = PinCardView.swift; sourceTree = "<group>"; };
		3152918228644E3E0078809B /* Mc2_Modifier.app */ = {isa = PBXFileReference; explicitFileType = wrapper.application; includeInIndex = 0; path = Mc2_Modifier.app; sourceTree = BUILT_PRODUCTS_DIR; };
		3152918528644E3E0078809B /* Mc2_ModifierApp.swift */ = {isa = PBXFileReference; lastKnownFileType = sourcecode.swift; path = Mc2_ModifierApp.swift; sourceTree = "<group>"; };
		3152918728644E3E0078809B /* ContentView.swift */ = {isa = PBXFileReference; lastKnownFileType = sourcecode.swift; path = ContentView.swift; sourceTree = "<group>"; };
		3152918928644E3F0078809B /* Assets.xcassets */ = {isa = PBXFileReference; lastKnownFileType = folder.assetcatalog; path = Assets.xcassets; sourceTree = "<group>"; };
		3152918C28644E3F0078809B /* Preview Assets.xcassets */ = {isa = PBXFileReference; lastKnownFileType = folder.assetcatalog; path = "Preview Assets.xcassets"; sourceTree = "<group>"; };
		3152918E28644E3F0078809B /* Persistence.swift */ = {isa = PBXFileReference; lastKnownFileType = sourcecode.swift; path = Persistence.swift; sourceTree = "<group>"; };
		3152919128644E3F0078809B /* Mc2_Modifier.xcdatamodel */ = {isa = PBXFileReference; lastKnownFileType = wrapper.xcdatamodel; path = Mc2_Modifier.xcdatamodel; sourceTree = "<group>"; };
		315291A72864534A0078809B /* MainView.swift */ = {isa = PBXFileReference; lastKnownFileType = sourcecode.swift; path = MainView.swift; sourceTree = "<group>"; };
		315291A9286453780078809B /* StateManager.swift */ = {isa = PBXFileReference; lastKnownFileType = sourcecode.swift; path = StateManager.swift; sourceTree = "<group>"; };
		315291AB286455730078809B /* FullScreenSheet.swift */ = {isa = PBXFileReference; lastKnownFileType = sourcecode.swift; path = FullScreenSheet.swift; sourceTree = "<group>"; };
		315291B1286538940078809B /* MapView.swift */ = {isa = PBXFileReference; lastKnownFileType = sourcecode.swift; path = MapView.swift; sourceTree = "<group>"; };
		315291B3286538B70078809B /* TotalTripview.swift */ = {isa = PBXFileReference; lastKnownFileType = sourcecode.swift; path = TotalTripview.swift; sourceTree = "<group>"; };
		315291B5286538D00078809B /* CategoryListView.swift */ = {isa = PBXFileReference; lastKnownFileType = sourcecode.swift; path = CategoryListView.swift; sourceTree = "<group>"; };
		315291B7286538E10078809B /* PinListView.swift */ = {isa = PBXFileReference; lastKnownFileType = sourcecode.swift; path = PinListView.swift; sourceTree = "<group>"; };
		315291B9286538E80078809B /* PinDetailView.swift */ = {isa = PBXFileReference; lastKnownFileType = sourcecode.swift; path = PinDetailView.swift; sourceTree = "<group>"; };
		315291BD28653B050078809B /* PinAddView.swift */ = {isa = PBXFileReference; lastKnownFileType = sourcecode.swift; path = PinAddView.swift; sourceTree = "<group>"; };
		315291BF28653B0F0078809B /* PinUpdateView.swift */ = {isa = PBXFileReference; lastKnownFileType = sourcecode.swift; path = PinUpdateView.swift; sourceTree = "<group>"; };
		315291C128653FEC0078809B /* SheetView.swift */ = {isa = PBXFileReference; lastKnownFileType = sourcecode.swift; path = SheetView.swift; sourceTree = "<group>"; };
		315291C32865400A0078809B /* CategoryAddView.swift */ = {isa = PBXFileReference; lastKnownFileType = sourcecode.swift; path = CategoryAddView.swift; sourceTree = "<group>"; };
		31DF4664286A946E00663919 /* TitleImageView.swift */ = {isa = PBXFileReference; lastKnownFileType = sourcecode.swift; path = TitleImageView.swift; sourceTree = "<group>"; };
		31DF4666286A948300663919 /* RecordedMemoView.swift */ = {isa = PBXFileReference; lastKnownFileType = sourcecode.swift; path = RecordedMemoView.swift; sourceTree = "<group>"; };
		31DF4668286A948B00663919 /* ImageScrollView.swift */ = {isa = PBXFileReference; lastKnownFileType = sourcecode.swift; path = ImageScrollView.swift; sourceTree = "<group>"; };
		31DF466A286A949200663919 /* ImageDetailView.swift */ = {isa = PBXFileReference; lastKnownFileType = sourcecode.swift; path = ImageDetailView.swift; sourceTree = "<group>"; };
		31DF466C286A949B00663919 /* SmallMapView.swift */ = {isa = PBXFileReference; lastKnownFileType = sourcecode.swift; path = SmallMapView.swift; sourceTree = "<group>"; };
/* End PBXFileReference section */

/* Begin PBXFrameworksBuildPhase section */
		3152917F28644E3E0078809B /* Frameworks */ = {
			isa = PBXFrameworksBuildPhase;
			buildActionMask = 2147483647;
			files = (
			);
			runOnlyForDeploymentPostprocessing = 0;
		};
/* End PBXFrameworksBuildPhase section */

/* Begin PBXGroup section */
		3152917928644E3E0078809B = {
			isa = PBXGroup;
			children = (
				3152918428644E3E0078809B /* Mc2_Modifier */,
				3152918328644E3E0078809B /* Products */,
			);
			sourceTree = "<group>";
		};
		3152918328644E3E0078809B /* Products */ = {
			isa = PBXGroup;
			children = (
				3152918228644E3E0078809B /* Mc2_Modifier.app */,
			);
			name = Products;
			sourceTree = "<group>";
		};
		3152918428644E3E0078809B /* Mc2_Modifier */ = {
			isa = PBXGroup;
			children = (
				315291A5286453150078809B /* ViewModel */,
				315291A62864531A0078809B /* View */,
				3152918528644E3E0078809B /* Mc2_ModifierApp.swift */,
				3152918728644E3E0078809B /* ContentView.swift */,
				3152918928644E3F0078809B /* Assets.xcassets */,
				3152918E28644E3F0078809B /* Persistence.swift */,
				3152919028644E3F0078809B /* Mc2_Modifier.xcdatamodeld */,
				3152918B28644E3F0078809B /* Preview Content */,
			);
			path = Mc2_Modifier;
			sourceTree = "<group>";
		};
		3152918B28644E3F0078809B /* Preview Content */ = {
			isa = PBXGroup;
			children = (
				3152918C28644E3F0078809B /* Preview Assets.xcassets */,
			);
			path = "Preview Content";
			sourceTree = "<group>";
		};
		315291A5286453150078809B /* ViewModel */ = {
			isa = PBXGroup;
			children = (
				315291A9286453780078809B /* StateManager.swift */,
			);
			path = ViewModel;
			sourceTree = "<group>";
		};
		315291A62864531A0078809B /* View */ = {
			isa = PBXGroup;
			children = (
				315291B0286538750078809B /* PinDetailView */,
				315291AF2865386C0078809B /* PinListView */,
				315291AE286538640078809B /* CategoryListView */,
				315291AD286538460078809B /* MapView */,
				315291A72864534A0078809B /* MainView.swift */,
				315291AB286455730078809B /* FullScreenSheet.swift */,
				315291C128653FEC0078809B /* SheetView.swift */,
			);
			path = View;
			sourceTree = "<group>";
		};
		315291AD286538460078809B /* MapView */ = {
			isa = PBXGroup;
			children = (
				315291B1286538940078809B /* MapView.swift */,
			);
			path = MapView;
			sourceTree = "<group>";
		};
		315291AE286538640078809B /* CategoryListView */ = {
			isa = PBXGroup;
			children = (
				315291B3286538B70078809B /* TotalTripview.swift */,
				315291B5286538D00078809B /* CategoryListView.swift */,
				315291C32865400A0078809B /* CategoryAddView.swift */,
			);
			path = CategoryListView;
			sourceTree = "<group>";
		};
		315291AF2865386C0078809B /* PinListView */ = {
			isa = PBXGroup;
			children = (
				315291B7286538E10078809B /* PinListView.swift */,
				312E2090286935D000D8D822 /* PinNavbar.swift */,
				312E209228693DE300D8D822 /* PinCardView.swift */,
			);
			path = PinListView;
			sourceTree = "<group>";
		};
		315291B0286538750078809B /* PinDetailView */ = {
			isa = PBXGroup;
			children = (
				315291B9286538E80078809B /* PinDetailView.swift */,
				315291BD28653B050078809B /* PinAddView.swift */,
				315291BF28653B0F0078809B /* PinUpdateView.swift */,
				31DF4663286A944A00663919 /* Components */,
			);
			path = PinDetailView;
			sourceTree = "<group>";
		};
		31DF4663286A944A00663919 /* Components */ = {
			isa = PBXGroup;
			children = (
				31DF4664286A946E00663919 /* TitleImageView.swift */,
				31DF4666286A948300663919 /* RecordedMemoView.swift */,
				31DF4668286A948B00663919 /* ImageScrollView.swift */,
				31DF466A286A949200663919 /* ImageDetailView.swift */,
				31DF466C286A949B00663919 /* SmallMapView.swift */,
			);
			path = Components;
			sourceTree = "<group>";
		};
/* End PBXGroup section */

/* Begin PBXNativeTarget section */
		3152918128644E3E0078809B /* Mc2_Modifier */ = {
			isa = PBXNativeTarget;
			buildConfigurationList = 3152919528644E3F0078809B /* Build configuration list for PBXNativeTarget "Mc2_Modifier" */;
			buildPhases = (
				3152917E28644E3E0078809B /* Sources */,
				3152917F28644E3E0078809B /* Frameworks */,
				3152918028644E3E0078809B /* Resources */,
			);
			buildRules = (
			);
			dependencies = (
			);
			name = Mc2_Modifier;
			productName = Mc2_Modifier;
			productReference = 3152918228644E3E0078809B /* Mc2_Modifier.app */;
			productType = "com.apple.product-type.application";
		};
/* End PBXNativeTarget section */

/* Begin PBXProject section */
		3152917A28644E3E0078809B /* Project object */ = {
			isa = PBXProject;
			attributes = {
				BuildIndependentTargetsInParallel = 1;
				LastSwiftUpdateCheck = 1340;
				LastUpgradeCheck = 1340;
				TargetAttributes = {
					3152918128644E3E0078809B = {
						CreatedOnToolsVersion = 13.4.1;
					};
				};
			};
			buildConfigurationList = 3152917D28644E3E0078809B /* Build configuration list for PBXProject "Mc2_Modifier" */;
			compatibilityVersion = "Xcode 13.0";
			developmentRegion = en;
			hasScannedForEncodings = 0;
			knownRegions = (
				en,
				Base,
			);
			mainGroup = 3152917928644E3E0078809B;
			productRefGroup = 3152918328644E3E0078809B /* Products */;
			projectDirPath = "";
			projectRoot = "";
			targets = (
				3152918128644E3E0078809B /* Mc2_Modifier */,
			);
		};
/* End PBXProject section */

/* Begin PBXResourcesBuildPhase section */
		3152918028644E3E0078809B /* Resources */ = {
			isa = PBXResourcesBuildPhase;
			buildActionMask = 2147483647;
			files = (
				3152918D28644E3F0078809B /* Preview Assets.xcassets in Resources */,
				3152918A28644E3F0078809B /* Assets.xcassets in Resources */,
			);
			runOnlyForDeploymentPostprocessing = 0;
		};
/* End PBXResourcesBuildPhase section */

/* Begin PBXSourcesBuildPhase section */
		3152917E28644E3E0078809B /* Sources */ = {
			isa = PBXSourcesBuildPhase;
			buildActionMask = 2147483647;
			files = (
				3152918F28644E3F0078809B /* Persistence.swift in Sources */,
				31DF466D286A949B00663919 /* SmallMapView.swift in Sources */,
				315291B2286538940078809B /* MapView.swift in Sources */,
				315291C42865400A0078809B /* CategoryAddView.swift in Sources */,
				31DF466B286A949200663919 /* ImageDetailView.swift in Sources */,
				3152919228644E3F0078809B /* Mc2_Modifier.xcdatamodeld in Sources */,
				315291BA286538E80078809B /* PinDetailView.swift in Sources */,
				315291B8286538E10078809B /* PinListView.swift in Sources */,
				315291B4286538B70078809B /* TotalTripview.swift in Sources */,
				31DF4665286A946E00663919 /* TitleImageView.swift in Sources */,
				315291B6286538D00078809B /* CategoryListView.swift in Sources */,
				312E209328693DE300D8D822 /* PinCardView.swift in Sources */,
				315291C228653FEC0078809B /* SheetView.swift in Sources */,
				3152918828644E3E0078809B /* ContentView.swift in Sources */,
				315291BE28653B050078809B /* PinAddView.swift in Sources */,
				315291AA286453780078809B /* StateManager.swift in Sources */,
				31DF4667286A948300663919 /* RecordedMemoView.swift in Sources */,
				31DF4669286A948B00663919 /* ImageScrollView.swift in Sources */,
				312E2091286935D000D8D822 /* PinNavbar.swift in Sources */,
				315291AC286455730078809B /* FullScreenSheet.swift in Sources */,
				315291C028653B0F0078809B /* PinUpdateView.swift in Sources */,
				315291A82864534B0078809B /* MainView.swift in Sources */,
				3152918628644E3E0078809B /* Mc2_ModifierApp.swift in Sources */,
			);
			runOnlyForDeploymentPostprocessing = 0;
		};
/* End PBXSourcesBuildPhase section */

/* Begin XCBuildConfiguration section */
		3152919328644E3F0078809B /* Debug */ = {
			isa = XCBuildConfiguration;
			buildSettings = {
				ALWAYS_SEARCH_USER_PATHS = NO;
				CLANG_ANALYZER_NONNULL = YES;
				CLANG_ANALYZER_NUMBER_OBJECT_CONVERSION = YES_AGGRESSIVE;
				CLANG_CXX_LANGUAGE_STANDARD = "gnu++17";
				CLANG_ENABLE_MODULES = YES;
				CLANG_ENABLE_OBJC_ARC = YES;
				CLANG_ENABLE_OBJC_WEAK = YES;
				CLANG_WARN_BLOCK_CAPTURE_AUTORELEASING = YES;
				CLANG_WARN_BOOL_CONVERSION = YES;
				CLANG_WARN_COMMA = YES;
				CLANG_WARN_CONSTANT_CONVERSION = YES;
				CLANG_WARN_DEPRECATED_OBJC_IMPLEMENTATIONS = YES;
				CLANG_WARN_DIRECT_OBJC_ISA_USAGE = YES_ERROR;
				CLANG_WARN_DOCUMENTATION_COMMENTS = YES;
				CLANG_WARN_EMPTY_BODY = YES;
				CLANG_WARN_ENUM_CONVERSION = YES;
				CLANG_WARN_INFINITE_RECURSION = YES;
				CLANG_WARN_INT_CONVERSION = YES;
				CLANG_WARN_NON_LITERAL_NULL_CONVERSION = YES;
				CLANG_WARN_OBJC_IMPLICIT_RETAIN_SELF = YES;
				CLANG_WARN_OBJC_LITERAL_CONVERSION = YES;
				CLANG_WARN_OBJC_ROOT_CLASS = YES_ERROR;
				CLANG_WARN_QUOTED_INCLUDE_IN_FRAMEWORK_HEADER = YES;
				CLANG_WARN_RANGE_LOOP_ANALYSIS = YES;
				CLANG_WARN_STRICT_PROTOTYPES = YES;
				CLANG_WARN_SUSPICIOUS_MOVE = YES;
				CLANG_WARN_UNGUARDED_AVAILABILITY = YES_AGGRESSIVE;
				CLANG_WARN_UNREACHABLE_CODE = YES;
				CLANG_WARN__DUPLICATE_METHOD_MATCH = YES;
				COPY_PHASE_STRIP = NO;
				DEBUG_INFORMATION_FORMAT = dwarf;
				ENABLE_STRICT_OBJC_MSGSEND = YES;
				ENABLE_TESTABILITY = YES;
				GCC_C_LANGUAGE_STANDARD = gnu11;
				GCC_DYNAMIC_NO_PIC = NO;
				GCC_NO_COMMON_BLOCKS = YES;
				GCC_OPTIMIZATION_LEVEL = 0;
				GCC_PREPROCESSOR_DEFINITIONS = (
					"DEBUG=1",
					"$(inherited)",
				);
				GCC_WARN_64_TO_32_BIT_CONVERSION = YES;
				GCC_WARN_ABOUT_RETURN_TYPE = YES_ERROR;
				GCC_WARN_UNDECLARED_SELECTOR = YES;
				GCC_WARN_UNINITIALIZED_AUTOS = YES_AGGRESSIVE;
				GCC_WARN_UNUSED_FUNCTION = YES;
				GCC_WARN_UNUSED_VARIABLE = YES;
				IPHONEOS_DEPLOYMENT_TARGET = 15.5;
				MTL_ENABLE_DEBUG_INFO = INCLUDE_SOURCE;
				MTL_FAST_MATH = YES;
				ONLY_ACTIVE_ARCH = YES;
				SDKROOT = iphoneos;
				SWIFT_ACTIVE_COMPILATION_CONDITIONS = DEBUG;
				SWIFT_OPTIMIZATION_LEVEL = "-Onone";
			};
			name = Debug;
		};
		3152919428644E3F0078809B /* Release */ = {
			isa = XCBuildConfiguration;
			buildSettings = {
				ALWAYS_SEARCH_USER_PATHS = NO;
				CLANG_ANALYZER_NONNULL = YES;
				CLANG_ANALYZER_NUMBER_OBJECT_CONVERSION = YES_AGGRESSIVE;
				CLANG_CXX_LANGUAGE_STANDARD = "gnu++17";
				CLANG_ENABLE_MODULES = YES;
				CLANG_ENABLE_OBJC_ARC = YES;
				CLANG_ENABLE_OBJC_WEAK = YES;
				CLANG_WARN_BLOCK_CAPTURE_AUTORELEASING = YES;
				CLANG_WARN_BOOL_CONVERSION = YES;
				CLANG_WARN_COMMA = YES;
				CLANG_WARN_CONSTANT_CONVERSION = YES;
				CLANG_WARN_DEPRECATED_OBJC_IMPLEMENTATIONS = YES;
				CLANG_WARN_DIRECT_OBJC_ISA_USAGE = YES_ERROR;
				CLANG_WARN_DOCUMENTATION_COMMENTS = YES;
				CLANG_WARN_EMPTY_BODY = YES;
				CLANG_WARN_ENUM_CONVERSION = YES;
				CLANG_WARN_INFINITE_RECURSION = YES;
				CLANG_WARN_INT_CONVERSION = YES;
				CLANG_WARN_NON_LITERAL_NULL_CONVERSION = YES;
				CLANG_WARN_OBJC_IMPLICIT_RETAIN_SELF = YES;
				CLANG_WARN_OBJC_LITERAL_CONVERSION = YES;
				CLANG_WARN_OBJC_ROOT_CLASS = YES_ERROR;
				CLANG_WARN_QUOTED_INCLUDE_IN_FRAMEWORK_HEADER = YES;
				CLANG_WARN_RANGE_LOOP_ANALYSIS = YES;
				CLANG_WARN_STRICT_PROTOTYPES = YES;
				CLANG_WARN_SUSPICIOUS_MOVE = YES;
				CLANG_WARN_UNGUARDED_AVAILABILITY = YES_AGGRESSIVE;
				CLANG_WARN_UNREACHABLE_CODE = YES;
				CLANG_WARN__DUPLICATE_METHOD_MATCH = YES;
				COPY_PHASE_STRIP = NO;
				DEBUG_INFORMATION_FORMAT = "dwarf-with-dsym";
				ENABLE_NS_ASSERTIONS = NO;
				ENABLE_STRICT_OBJC_MSGSEND = YES;
				GCC_C_LANGUAGE_STANDARD = gnu11;
				GCC_NO_COMMON_BLOCKS = YES;
				GCC_WARN_64_TO_32_BIT_CONVERSION = YES;
				GCC_WARN_ABOUT_RETURN_TYPE = YES_ERROR;
				GCC_WARN_UNDECLARED_SELECTOR = YES;
				GCC_WARN_UNINITIALIZED_AUTOS = YES_AGGRESSIVE;
				GCC_WARN_UNUSED_FUNCTION = YES;
				GCC_WARN_UNUSED_VARIABLE = YES;
				IPHONEOS_DEPLOYMENT_TARGET = 15.5;
				MTL_ENABLE_DEBUG_INFO = NO;
				MTL_FAST_MATH = YES;
				SDKROOT = iphoneos;
				SWIFT_COMPILATION_MODE = wholemodule;
				SWIFT_OPTIMIZATION_LEVEL = "-O";
				VALIDATE_PRODUCT = YES;
			};
			name = Release;
		};
		3152919628644E3F0078809B /* Debug */ = {
			isa = XCBuildConfiguration;
			buildSettings = {
				ASSETCATALOG_COMPILER_APPICON_NAME = AppIcon;
				ASSETCATALOG_COMPILER_GLOBAL_ACCENT_COLOR_NAME = AccentColor;
				CODE_SIGN_STYLE = Automatic;
				CURRENT_PROJECT_VERSION = 1;
				DEVELOPMENT_ASSET_PATHS = "\"Mc2_Modifier/Preview Content\"";
				DEVELOPMENT_TEAM = A44U4A2F2G;
				ENABLE_PREVIEWS = YES;
				GENERATE_INFOPLIST_FILE = YES;
				INFOPLIST_KEY_UIApplicationSceneManifest_Generation = YES;
				INFOPLIST_KEY_UIApplicationSupportsIndirectInputEvents = YES;
				INFOPLIST_KEY_UILaunchScreen_Generation = YES;
				INFOPLIST_KEY_UISupportedInterfaceOrientations_iPad = "UIInterfaceOrientationPortrait UIInterfaceOrientationPortraitUpsideDown UIInterfaceOrientationLandscapeLeft UIInterfaceOrientationLandscapeRight";
				INFOPLIST_KEY_UISupportedInterfaceOrientations_iPhone = "UIInterfaceOrientationPortrait UIInterfaceOrientationLandscapeLeft UIInterfaceOrientationLandscapeRight";
				LD_RUNPATH_SEARCH_PATHS = (
					"$(inherited)",
					"@executable_path/Frameworks",
				);
				MARKETING_VERSION = 1.0;
				PRODUCT_BUNDLE_IDENTIFIER = "com.x.Mc2-Modifier";
				PRODUCT_NAME = "$(TARGET_NAME)";
				SWIFT_EMIT_LOC_STRINGS = YES;
				SWIFT_VERSION = 5.0;
				TARGETED_DEVICE_FAMILY = "1,2";
			};
			name = Debug;
		};
		3152919728644E3F0078809B /* Release */ = {
			isa = XCBuildConfiguration;
			buildSettings = {
				ASSETCATALOG_COMPILER_APPICON_NAME = AppIcon;
				ASSETCATALOG_COMPILER_GLOBAL_ACCENT_COLOR_NAME = AccentColor;
				CODE_SIGN_STYLE = Automatic;
				CURRENT_PROJECT_VERSION = 1;
				DEVELOPMENT_ASSET_PATHS = "\"Mc2_Modifier/Preview Content\"";
				DEVELOPMENT_TEAM = A44U4A2F2G;
				ENABLE_PREVIEWS = YES;
				GENERATE_INFOPLIST_FILE = YES;
				INFOPLIST_KEY_UIApplicationSceneManifest_Generation = YES;
				INFOPLIST_KEY_UIApplicationSupportsIndirectInputEvents = YES;
				INFOPLIST_KEY_UILaunchScreen_Generation = YES;
				INFOPLIST_KEY_UISupportedInterfaceOrientations_iPad = "UIInterfaceOrientationPortrait UIInterfaceOrientationPortraitUpsideDown UIInterfaceOrientationLandscapeLeft UIInterfaceOrientationLandscapeRight";
				INFOPLIST_KEY_UISupportedInterfaceOrientations_iPhone = "UIInterfaceOrientationPortrait UIInterfaceOrientationLandscapeLeft UIInterfaceOrientationLandscapeRight";
				LD_RUNPATH_SEARCH_PATHS = (
					"$(inherited)",
					"@executable_path/Frameworks",
				);
				MARKETING_VERSION = 1.0;
				PRODUCT_BUNDLE_IDENTIFIER = "com.x.Mc2-Modifier";
				PRODUCT_NAME = "$(TARGET_NAME)";
				SWIFT_EMIT_LOC_STRINGS = YES;
				SWIFT_VERSION = 5.0;
				TARGETED_DEVICE_FAMILY = "1,2";
			};
			name = Release;
		};
/* End XCBuildConfiguration section */

/* Begin XCConfigurationList section */
		3152917D28644E3E0078809B /* Build configuration list for PBXProject "Mc2_Modifier" */ = {
			isa = XCConfigurationList;
			buildConfigurations = (
				3152919328644E3F0078809B /* Debug */,
				3152919428644E3F0078809B /* Release */,
			);
			defaultConfigurationIsVisible = 0;
			defaultConfigurationName = Release;
		};
		3152919528644E3F0078809B /* Build configuration list for PBXNativeTarget "Mc2_Modifier" */ = {
			isa = XCConfigurationList;
			buildConfigurations = (
				3152919628644E3F0078809B /* Debug */,
				3152919728644E3F0078809B /* Release */,
			);
			defaultConfigurationIsVisible = 0;
			defaultConfigurationName = Release;
		};
/* End XCConfigurationList section */

/* Begin XCVersionGroup section */
		3152919028644E3F0078809B /* Mc2_Modifier.xcdatamodeld */ = {
			isa = XCVersionGroup;
			children = (
				3152919128644E3F0078809B /* Mc2_Modifier.xcdatamodel */,
			);
			currentVersion = 3152919128644E3F0078809B /* Mc2_Modifier.xcdatamodel */;
			path = Mc2_Modifier.xcdatamodeld;
			sourceTree = "<group>";
			versionGroupType = wrapper.xcdatamodel;
		};
/* End XCVersionGroup section */
	};
	rootObject = 3152917A28644E3E0078809B /* Project object */;
}
